
Microsoft Visual Studio Solution File, Format Version 12.00
# Visual Studio Version 16
VisualStudioVersion = 16.0.29519.87
MinimumVisualStudioVersion = 10.0.40219.1
Project("{FAE04EC0-301F-11D3-BF4B-00C04F79EFBC}") = "ActiveRecord", "ActiveRecord\ActiveRecord.csproj", "{01BFBCDF-AF26-4BB1-B219-439C86464293}"
EndProject
Global
	GlobalSection(SolutionConfigurationPlatforms) = preSolution
		Debug|Any CPU = Debug|Any CPU
		Release|Any CPU = Release|Any CPU
	EndGlobalSection
	GlobalSection(ProjectConfigurationPlatforms) = postSolution
		{01BFBCDF-AF26-4BB1-B219-439C86464293}.Debug|Any CPU.ActiveCfg = Debug|Any CPU
		{01BFBCDF-AF26-4BB1-B219-439C86464293}.Debug|Any CPU.Build.0 = Debug|Any CPU
		{01BFBCDF-AF26-4BB1-B219-439C86464293}.Release|Any CPU.ActiveCfg = Release|Any CPU
		{01BFBCDF-AF26-4BB1-B219-439C86464293}.Release|Any CPU.Build.0 = Release|Any CPU
	EndGlobalSection
	GlobalSection(SolutionProperties) = preSolution
		HideSolutionNode = FALSE
	EndGlobalSection
	GlobalSection(ExtensibilityGlobals) = postSolution
		SolutionGuid = {6AD2C4EA-4AD5-4E4B-B8CE-E2E9B1F90828}
	EndGlobalSection
EndGlobal
